# This file is automatically @generated by Cargo.
# It is not intended for manual editing.
version = 4

[[package]]
name = "amd64_9800x3d"
version = "0.0.0"
dependencies = [
 "generic_operations",
]

[[package]]
name = "amd64_v2"
version = "0.0.0"
dependencies = [
 "generic_operations",
]

[[package]]
name = "amd64_v3"
version = "0.0.0"
dependencies = [
 "generic_operations",
]

[[package]]
name = "amd64_v4"
version = "0.0.0"
dependencies = [
 "generic_operations",
]

[[package]]
name = "amd64_v4_icl"
version = "0.0.0"
dependencies = [
 "generic_operations",
]

[[package]]
name = "cafetensor-bin"
version = "0.0.0"
dependencies = [
 "cafetensor-lib",
]

[[package]]
name = "cafetensor-lib"
version = "0.0.0"
dependencies = [
 "general_backend",
 "os_common",
]

[[package]]
name = "cafetensor-testkit"
version = "0.0.0"

[[package]]
name = "general_backend"
version = "0.0.0"
dependencies = [
 "amd64_9800x3d",
 "amd64_v2",
 "amd64_v3",
 "amd64_v4",
 "amd64_v4_icl",
 "generic_operations",
]

[[package]]
name = "generic_operations"
version = "0.0.0"

[[package]]
name = "os_common"
version = "0.0.0"
dependencies = [
 "os_darwin",
 "os_linux",
]

[[package]]
name = "os_darwin"
version = "0.0.0"

[[package]]
name = "os_linux"
version = "0.0.0"
